
Microsoft Visual Studio Solution File, Format Version 12.00
# Visual Studio Version 16
VisualStudioVersion = 16.0.29102.190
MinimumVisualStudioVersion = 10.0.40219.1
Project("{FAE04EC0-301F-11D3-BF4B-00C04F79EFBC}") = "Guide Of Something", "Guide Of Something\Guide Of Something.csproj", "{6176EDFF-A1D8-4782-808E-E33D01381914}"
EndProject
Global
	GlobalSection(SolutionConfigurationPlatforms) = preSolution
		Debug|Any CPU = Debug|Any CPU
		Release|Any CPU = Release|Any CPU
	EndGlobalSection
	GlobalSection(ProjectConfigurationPlatforms) = postSolution
		{6176EDFF-A1D8-4782-808E-E33D01381914}.Debug|Any CPU.ActiveCfg = Debug|Any CPU
		{6176EDFF-A1D8-4782-808E-E33D01381914}.Debug|Any CPU.Build.0 = Debug|Any CPU
		{6176EDFF-A1D8-4782-808E-E33D01381914}.Release|Any CPU.ActiveCfg = Release|Any CPU
		{6176EDFF-A1D8-4782-808E-E33D01381914}.Release|Any CPU.Build.0 = Release|Any CPU
	EndGlobalSection
	GlobalSection(SolutionProperties) = preSolution
		HideSolutionNode = FALSE
	EndGlobalSection
	GlobalSection(ExtensibilityGlobals) = postSolution
		SolutionGuid = {81582BE3-CFF0-4A6D-82FB-520CF241F2F8}
	EndGlobalSection
EndGlobal
